// !$*UTF8*$!
{
	archiveVersion = 1;
	classes = {
	};
	objectVersion = 51;
	objects = {

/* Begin PBXBuildFile section */
		3B775D2725924FC70058BCBE /* AppDelegate.swift in Sources */ = {isa = PBXBuildFile; fileRef = 3B775D2625924FC70058BCBE /* AppDelegate.swift */; };
		3B775D2B25924FC70058BCBE /* ViewController.swift in Sources */ = {isa = PBXBuildFile; fileRef = 3B775D2A25924FC70058BCBE /* ViewController.swift */; };
		3B775D3025924FCB0058BCBE /* Assets.xcassets in Resources */ = {isa = PBXBuildFile; fileRef = 3B775D2F25924FCB0058BCBE /* Assets.xcassets */; };
		3B775D43259250790058BCBE /* LaunchScreen.storyboard in Resources */ = {isa = PBXBuildFile; fileRef = 3B775D3F259250790058BCBE /* LaunchScreen.storyboard */; };
		3B775D44259250790058BCBE /* Main.storyboard in Resources */ = {isa = PBXBuildFile; fileRef = 3B775D41259250790058BCBE /* Main.storyboard */; };
		3B775D47259250970058BCBE /* ResultsViewController.swift in Sources */ = {isa = PBXBuildFile; fileRef = 3B775D46259250970058BCBE /* ResultsViewController.swift */; };
		C02244F91E10C36F6C8E4FAD /* Pods_CardScanPodExample.framework in Frameworks */ = {isa = PBXBuildFile; fileRef = 43D9372704B4914E8F241864 /* Pods_CardScanPodExample.framework */; };
/* End PBXBuildFile section */

/* Begin PBXFileReference section */
		3B775D2325924FC70058BCBE /* CardScanPodExample.app */ = {isa = PBXFileReference; explicitFileType = wrapper.application; includeInIndex = 0; path = CardScanPodExample.app; sourceTree = BUILT_PRODUCTS_DIR; };
		3B775D2625924FC70058BCBE /* AppDelegate.swift */ = {isa = PBXFileReference; lastKnownFileType = sourcecode.swift; path = AppDelegate.swift; sourceTree = "<group>"; };
		3B775D2A25924FC70058BCBE /* ViewController.swift */ = {isa = PBXFileReference; lastKnownFileType = sourcecode.swift; path = ViewController.swift; sourceTree = "<group>"; };
		3B775D2F25924FCB0058BCBE /* Assets.xcassets */ = {isa = PBXFileReference; lastKnownFileType = folder.assetcatalog; path = Assets.xcassets; sourceTree = "<group>"; };
		3B775D3425924FCB0058BCBE /* Info.plist */ = {isa = PBXFileReference; lastKnownFileType = text.plist.xml; path = Info.plist; sourceTree = "<group>"; };
		3B775D40259250790058BCBE /* Base */ = {isa = PBXFileReference; lastKnownFileType = file.storyboard; name = Base; path = Base.lproj/LaunchScreen.storyboard; sourceTree = "<group>"; };
		3B775D42259250790058BCBE /* Base */ = {isa = PBXFileReference; lastKnownFileType = file.storyboard; name = Base; path = Base.lproj/Main.storyboard; sourceTree = "<group>"; };
		3B775D46259250970058BCBE /* ResultsViewController.swift */ = {isa = PBXFileReference; fileEncoding = 4; lastKnownFileType = sourcecode.swift; path = ResultsViewController.swift; sourceTree = "<group>"; };
		43D9372704B4914E8F241864 /* Pods_CardScanPodExample.framework */ = {isa = PBXFileReference; explicitFileType = wrapper.framework; includeInIndex = 0; path = Pods_CardScanPodExample.framework; sourceTree = BUILT_PRODUCTS_DIR; };
		48C3849B1049DA37928657A9 /* Pods-CardScanPodExample.release.xcconfig */ = {isa = PBXFileReference; includeInIndex = 1; lastKnownFileType = text.xcconfig; name = "Pods-CardScanPodExample.release.xcconfig"; path = "Target Support Files/Pods-CardScanPodExample/Pods-CardScanPodExample.release.xcconfig"; sourceTree = "<group>"; };
		938DF83AFCF56AA1AB448059 /* Pods-CardScanPodExample.debug.xcconfig */ = {isa = PBXFileReference; includeInIndex = 1; lastKnownFileType = text.xcconfig; name = "Pods-CardScanPodExample.debug.xcconfig"; path = "Target Support Files/Pods-CardScanPodExample/Pods-CardScanPodExample.debug.xcconfig"; sourceTree = "<group>"; };
/* End PBXFileReference section */

/* Begin PBXFrameworksBuildPhase section */
		3B775D2025924FC70058BCBE /* Frameworks */ = {
			isa = PBXFrameworksBuildPhase;
			buildActionMask = 2147483647;
			files = (
				C02244F91E10C36F6C8E4FAD /* Pods_CardScanPodExample.framework in Frameworks */,
			);
			runOnlyForDeploymentPostprocessing = 0;
		};
/* End PBXFrameworksBuildPhase section */

/* Begin PBXGroup section */
		3B775D1A25924FC60058BCBE = {
			isa = PBXGroup;
			children = (
				3B775D2525924FC70058BCBE /* CardScanPodExample */,
				3B775D2425924FC70058BCBE /* Products */,
				6732882A86794A9ABF029C3E /* Pods */,
				BB6AAA6FC6C34AE2376029B3 /* Frameworks */,
			);
			sourceTree = "<group>";
		};
		3B775D2425924FC70058BCBE /* Products */ = {
			isa = PBXGroup;
			children = (
				3B775D2325924FC70058BCBE /* CardScanPodExample.app */,
			);
			name = Products;
			sourceTree = "<group>";
		};
		3B775D2525924FC70058BCBE /* CardScanPodExample */ = {
			isa = PBXGroup;
			children = (
				3B775D46259250970058BCBE /* ResultsViewController.swift */,
				3B775D2625924FC70058BCBE /* AppDelegate.swift */,
				3B775D2A25924FC70058BCBE /* ViewController.swift */,
				3B775D41259250790058BCBE /* Main.storyboard */,
				3B775D3F259250790058BCBE /* LaunchScreen.storyboard */,
				3B775D2F25924FCB0058BCBE /* Assets.xcassets */,
				3B775D3425924FCB0058BCBE /* Info.plist */,
			);
			path = CardScanPodExample;
			sourceTree = "<group>";
		};
		6732882A86794A9ABF029C3E /* Pods */ = {
			isa = PBXGroup;
			children = (
				938DF83AFCF56AA1AB448059 /* Pods-CardScanPodExample.debug.xcconfig */,
				48C3849B1049DA37928657A9 /* Pods-CardScanPodExample.release.xcconfig */,
			);
			path = Pods;
			sourceTree = "<group>";
		};
		BB6AAA6FC6C34AE2376029B3 /* Frameworks */ = {
			isa = PBXGroup;
			children = (
				43D9372704B4914E8F241864 /* Pods_CardScanPodExample.framework */,
			);
			name = Frameworks;
			sourceTree = "<group>";
		};
/* End PBXGroup section */

/* Begin PBXNativeTarget section */
		3B775D2225924FC70058BCBE /* CardScanPodExample */ = {
			isa = PBXNativeTarget;
			buildConfigurationList = 3B775D3725924FCB0058BCBE /* Build configuration list for PBXNativeTarget "CardScanPodExample" */;
			buildPhases = (
				0826BBB99734CAE574A473A8 /* [CP] Check Pods Manifest.lock */,
				3B775D1F25924FC70058BCBE /* Sources */,
				3B775D2025924FC70058BCBE /* Frameworks */,
				3B775D2125924FC70058BCBE /* Resources */,
				7537CED0584B98342F060278 /* [CP] Embed Pods Frameworks */,
			);
			buildRules = (
			);
			dependencies = (
			);
			name = CardScanPodExample;
			productName = CardScanPodExample;
			productReference = 3B775D2325924FC70058BCBE /* CardScanPodExample.app */;
			productType = "com.apple.product-type.application";
		};
/* End PBXNativeTarget section */

/* Begin PBXProject section */
		3B775D1B25924FC60058BCBE /* Project object */ = {
			isa = PBXProject;
			attributes = {
				LastSwiftUpdateCheck = 1220;
				LastUpgradeCheck = 1220;
				TargetAttributes = {
					3B775D2225924FC70058BCBE = {
						CreatedOnToolsVersion = 12.2;
					};
				};
			};
			buildConfigurationList = 3B775D1E25924FC60058BCBE /* Build configuration list for PBXProject "CardScanPodExample" */;
			compatibilityVersion = "Xcode 9.3";
			developmentRegion = en;
			hasScannedForEncodings = 0;
			knownRegions = (
				en,
				Base,
			);
			mainGroup = 3B775D1A25924FC60058BCBE;
			productRefGroup = 3B775D2425924FC70058BCBE /* Products */;
			projectDirPath = "";
			projectRoot = "";
			targets = (
				3B775D2225924FC70058BCBE /* CardScanPodExample */,
			);
		};
/* End PBXProject section */

/* Begin PBXResourcesBuildPhase section */
		3B775D2125924FC70058BCBE /* Resources */ = {
			isa = PBXResourcesBuildPhase;
			buildActionMask = 2147483647;
			files = (
				3B775D44259250790058BCBE /* Main.storyboard in Resources */,
				3B775D3025924FCB0058BCBE /* Assets.xcassets in Resources */,
				3B775D43259250790058BCBE /* LaunchScreen.storyboard in Resources */,
			);
			runOnlyForDeploymentPostprocessing = 0;
		};
/* End PBXResourcesBuildPhase section */

/* Begin PBXShellScriptBuildPhase section */
		0826BBB99734CAE574A473A8 /* [CP] Check Pods Manifest.lock */ = {
			isa = PBXShellScriptBuildPhase;
			buildActionMask = 2147483647;
			files = (
			);
			inputFileListPaths = (
			);
			inputPaths = (
				"${PODS_PODFILE_DIR_PATH}/Podfile.lock",
				"${PODS_ROOT}/Manifest.lock",
			);
			name = "[CP] Check Pods Manifest.lock";
			outputFileListPaths = (
			);
			outputPaths = (
				"$(DERIVED_FILE_DIR)/Pods-CardScanPodExample-checkManifestLockResult.txt",
			);
			runOnlyForDeploymentPostprocessing = 0;
			shellPath = /bin/sh;
			shellScript = "diff \"${PODS_PODFILE_DIR_PATH}/Podfile.lock\" \"${PODS_ROOT}/Manifest.lock\" > /dev/null\nif [ $? != 0 ] ; then\n    # print error to STDERR\n    echo \"error: The sandbox is not in sync with the Podfile.lock. Run 'pod install' or update your CocoaPods installation.\" >&2\n    exit 1\nfi\n# This output is used by Xcode 'outputs' to avoid re-running this script phase.\necho \"SUCCESS\" > \"${SCRIPT_OUTPUT_FILE_0}\"\n";
			showEnvVarsInLog = 0;
		};
		7537CED0584B98342F060278 /* [CP] Embed Pods Frameworks */ = {
			isa = PBXShellScriptBuildPhase;
			buildActionMask = 2147483647;
			files = (
			);
			inputFileListPaths = (
				"${PODS_ROOT}/Target Support Files/Pods-CardScanPodExample/Pods-CardScanPodExample-frameworks-${CONFIGURATION}-input-files.xcfilelist",
			);
			name = "[CP] Embed Pods Frameworks";
			outputFileListPaths = (
				"${PODS_ROOT}/Target Support Files/Pods-CardScanPodExample/Pods-CardScanPodExample-frameworks-${CONFIGURATION}-output-files.xcfilelist",
			);
			runOnlyForDeploymentPostprocessing = 0;
			shellPath = /bin/sh;
			shellScript = "\"${PODS_ROOT}/Target Support Files/Pods-CardScanPodExample/Pods-CardScanPodExample-frameworks.sh\"\n";
			showEnvVarsInLog = 0;
		};
/* End PBXShellScriptBuildPhase section */

/* Begin PBXSourcesBuildPhase section */
		3B775D1F25924FC70058BCBE /* Sources */ = {
			isa = PBXSourcesBuildPhase;
			buildActionMask = 2147483647;
			files = (
				3B775D2B25924FC70058BCBE /* ViewController.swift in Sources */,
				3B775D2725924FC70058BCBE /* AppDelegate.swift in Sources */,
				3B775D47259250970058BCBE /* ResultsViewController.swift in Sources */,
			);
			runOnlyForDeploymentPostprocessing = 0;
		};
/* End PBXSourcesBuildPhase section */

/* Begin PBXVariantGroup section */
		3B775D3F259250790058BCBE /* LaunchScreen.storyboard */ = {
			isa = PBXVariantGroup;
			children = (
				3B775D40259250790058BCBE /* Base */,
			);
			name = LaunchScreen.storyboard;
			sourceTree = "<group>";
		};
		3B775D41259250790058BCBE /* Main.storyboard */ = {
			isa = PBXVariantGroup;
			children = (
				3B775D42259250790058BCBE /* Base */,
			);
			name = Main.storyboard;
			sourceTree = "<group>";
		};
/* End PBXVariantGroup section */

/* Begin XCBuildConfiguration section */
		3B775D3525924FCB0058BCBE /* Debug */ = {
			isa = XCBuildConfiguration;
			buildSettings = {
				ALWAYS_SEARCH_USER_PATHS = NO;
				CLANG_ANALYZER_NONNULL = YES;
				CLANG_ANALYZER_NUMBER_OBJECT_CONVERSION = YES_AGGRESSIVE;
				CLANG_CXX_LANGUAGE_STANDARD = "gnu++14";
				CLANG_CXX_LIBRARY = "libc++";
				CLANG_ENABLE_MODULES = YES;
				CLANG_ENABLE_OBJC_ARC = YES;
				CLANG_ENABLE_OBJC_WEAK = YES;
				CLANG_WARN_BLOCK_CAPTURE_AUTORELEASING = YES;
				CLANG_WARN_BOOL_CONVERSION = YES;
				CLANG_WARN_COMMA = YES;
				CLANG_WARN_CONSTANT_CONVERSION = YES;
				CLANG_WARN_DEPRECATED_OBJC_IMPLEMENTATIONS = YES;
				CLANG_WARN_DIRECT_OBJC_ISA_USAGE = YES_ERROR;
				CLANG_WARN_DOCUMENTATION_COMMENTS = YES;
				CLANG_WARN_EMPTY_BODY = YES;
				CLANG_WARN_ENUM_CONVERSION = YES;
				CLANG_WARN_INFINITE_RECURSION = YES;
				CLANG_WARN_INT_CONVERSION = YES;
				CLANG_WARN_NON_LITERAL_NULL_CONVERSION = YES;
				CLANG_WARN_OBJC_IMPLICIT_RETAIN_SELF = YES;
				CLANG_WARN_OBJC_LITERAL_CONVERSION = YES;
				CLANG_WARN_OBJC_ROOT_CLASS = YES_ERROR;
				CLANG_WARN_QUOTED_INCLUDE_IN_FRAMEWORK_HEADER = YES;
				CLANG_WARN_RANGE_LOOP_ANALYSIS = YES;
				CLANG_WARN_STRICT_PROTOTYPES = YES;
				CLANG_WARN_SUSPICIOUS_MOVE = YES;
				CLANG_WARN_UNGUARDED_AVAILABILITY = YES_AGGRESSIVE;
				CLANG_WARN_UNREACHABLE_CODE = YES;
				CLANG_WARN__DUPLICATE_METHOD_MATCH = YES;
				COPY_PHASE_STRIP = NO;
				DEBUG_INFORMATION_FORMAT = dwarf;
				ENABLE_STRICT_OBJC_MSGSEND = YES;
				ENABLE_TESTABILITY = YES;
				GCC_C_LANGUAGE_STANDARD = gnu11;
				GCC_DYNAMIC_NO_PIC = NO;
				GCC_NO_COMMON_BLOCKS = YES;
				GCC_OPTIMIZATION_LEVEL = 0;
				GCC_PREPROCESSOR_DEFINITIONS = (
					"DEBUG=1",
					"$(inherited)",
				);
				GCC_WARN_64_TO_32_BIT_CONVERSION = YES;
				GCC_WARN_ABOUT_RETURN_TYPE = YES_ERROR;
				GCC_WARN_UNDECLARED_SELECTOR = YES;
				GCC_WARN_UNINITIALIZED_AUTOS = YES_AGGRESSIVE;
				GCC_WARN_UNUSED_FUNCTION = YES;
				GCC_WARN_UNUSED_VARIABLE = YES;
				IPHONEOS_DEPLOYMENT_TARGET = 14.2;
				MTL_ENABLE_DEBUG_INFO = INCLUDE_SOURCE;
				MTL_FAST_MATH = YES;
				ONLY_ACTIVE_ARCH = YES;
				SDKROOT = iphoneos;
				SWIFT_ACTIVE_COMPILATION_CONDITIONS = DEBUG;
				SWIFT_OPTIMIZATION_LEVEL = "-Onone";
			};
			name = Debug;
		};
		3B775D3625924FCB0058BCBE /* Release */ = {
			isa = XCBuildConfiguration;
			buildSettings = {
				ALWAYS_SEARCH_USER_PATHS = NO;
				CLANG_ANALYZER_NONNULL = YES;
				CLANG_ANALYZER_NUMBER_OBJECT_CONVERSION = YES_AGGRESSIVE;
				CLANG_CXX_LANGUAGE_STANDARD = "gnu++14";
				CLANG_CXX_LIBRARY = "libc++";
				CLANG_ENABLE_MODULES = YES;
				CLANG_ENABLE_OBJC_ARC = YES;
				CLANG_ENABLE_OBJC_WEAK = YES;
				CLANG_WARN_BLOCK_CAPTURE_AUTORELEASING = YES;
				CLANG_WARN_BOOL_CONVERSION = YES;
				CLANG_WARN_COMMA = YES;
				CLANG_WARN_CONSTANT_CONVERSION = YES;
				CLANG_WARN_DEPRECATED_OBJC_IMPLEMENTATIONS = YES;
				CLANG_WARN_DIRECT_OBJC_ISA_USAGE = YES_ERROR;
				CLANG_WARN_DOCUMENTATION_COMMENTS = YES;
				CLANG_WARN_EMPTY_BODY = YES;
				CLANG_WARN_ENUM_CONVERSION = YES;
				CLANG_WARN_INFINITE_RECURSION = YES;
				CLANG_WARN_INT_CONVERSION = YES;
				CLANG_WARN_NON_LITERAL_NULL_CONVERSION = YES;
				CLANG_WARN_OBJC_IMPLICIT_RETAIN_SELF = YES;
				CLANG_WARN_OBJC_LITERAL_CONVERSION = YES;
				CLANG_WARN_OBJC_ROOT_CLASS = YES_ERROR;
				CLANG_WARN_QUOTED_INCLUDE_IN_FRAMEWORK_HEADER = YES;
				CLANG_WARN_RANGE_LOOP_ANALYSIS = YES;
				CLANG_WARN_STRICT_PROTOTYPES = YES;
				CLANG_WARN_SUSPICIOUS_MOVE = YES;
				CLANG_WARN_UNGUARDED_AVAILABILITY = YES_AGGRESSIVE;
				CLANG_WARN_UNREACHABLE_CODE = YES;
				CLANG_WARN__DUPLICATE_METHOD_MATCH = YES;
				COPY_PHASE_STRIP = NO;
				DEBUG_INFORMATION_FORMAT = "dwarf-with-dsym";
				ENABLE_NS_ASSERTIONS = NO;
				ENABLE_STRICT_OBJC_MSGSEND = YES;
				GCC_C_LANGUAGE_STANDARD = gnu11;
				GCC_NO_COMMON_BLOCKS = YES;
				GCC_WARN_64_TO_32_BIT_CONVERSION = YES;
				GCC_WARN_ABOUT_RETURN_TYPE = YES_ERROR;
				GCC_WARN_UNDECLARED_SELECTOR = YES;
				GCC_WARN_UNINITIALIZED_AUTOS = YES_AGGRESSIVE;
				GCC_WARN_UNUSED_FUNCTION = YES;
				GCC_WARN_UNUSED_VARIABLE = YES;
				IPHONEOS_DEPLOYMENT_TARGET = 14.2;
				MTL_ENABLE_DEBUG_INFO = NO;
				MTL_FAST_MATH = YES;
				SDKROOT = iphoneos;
				SWIFT_COMPILATION_MODE = wholemodule;
				SWIFT_OPTIMIZATION_LEVEL = "-O";
				VALIDATE_PRODUCT = YES;
			};
			name = Release;
		};
		3B775D3825924FCB0058BCBE /* Debug */ = {
			isa = XCBuildConfiguration;
			baseConfigurationReference = 938DF83AFCF56AA1AB448059 /* Pods-CardScanPodExample.debug.xcconfig */;
			buildSettings = {
				ASSETCATALOG_COMPILER_APPICON_NAME = AppIcon;
				ASSETCATALOG_COMPILER_GLOBAL_ACCENT_COLOR_NAME = AccentColor;
				CODE_SIGN_STYLE = Automatic;
				DEVELOPMENT_TEAM = L4TQ6C2R74;
				INFOPLIST_FILE = CardScanPodExample/Info.plist;
				IPHONEOS_DEPLOYMENT_TARGET = 11.2;
				LD_RUNPATH_SEARCH_PATHS = (
					"$(inherited)",
					"@executable_path/Frameworks",
				);
				PRODUCT_BUNDLE_IDENTIFIER = com.getbouncer.CardScanPodExample;
				PRODUCT_NAME = "$(TARGET_NAME)";
				SWIFT_VERSION = 5.0;
				TARGETED_DEVICE_FAMILY = "1,2";
			};
			name = Debug;
		};
		3B775D3925924FCB0058BCBE /* Release */ = {
			isa = XCBuildConfiguration;
			baseConfigurationReference = 48C3849B1049DA37928657A9 /* Pods-CardScanPodExample.release.xcconfig */;
			buildSettings = {
				ASSETCATALOG_COMPILER_APPICON_NAME = AppIcon;
				ASSETCATALOG_COMPILER_GLOBAL_ACCENT_COLOR_NAME = AccentColor;
				CODE_SIGN_STYLE = Automatic;
				DEVELOPMENT_TEAM = L4TQ6C2R74;
				INFOPLIST_FILE = CardScanPodExample/Info.plist;
				IPHONEOS_DEPLOYMENT_TARGET = 11.2;
				LD_RUNPATH_SEARCH_PATHS = (
					"$(inherited)",
					"@executable_path/Frameworks",
				);
				PRODUCT_BUNDLE_IDENTIFIER = com.getbouncer.CardScanPodExample;
				PRODUCT_NAME = "$(TARGET_NAME)";
				SWIFT_VERSION = 5.0;
				TARGETED_DEVICE_FAMILY = "1,2";
			};
			name = Release;
		};
/* End XCBuildConfiguration section */

/* Begin XCConfigurationList section */
		3B775D1E25924FC60058BCBE /* Build configuration list for PBXProject "CardScanPodExample" */ = {
			isa = XCConfigurationList;
			buildConfigurations = (
				3B775D3525924FCB0058BCBE /* Debug */,
				3B775D3625924FCB0058BCBE /* Release */,
			);
			defaultConfigurationIsVisible = 0;
			defaultConfigurationName = Release;
		};
		3B775D3725924FCB0058BCBE /* Build configuration list for PBXNativeTarget "CardScanPodExample" */ = {
			isa = XCConfigurationList;
			buildConfigurations = (
				3B775D3825924FCB0058BCBE /* Debug */,
				3B775D3925924FCB0058BCBE /* Release */,
			);
			defaultConfigurationIsVisible = 0;
			defaultConfigurationName = Release;
		};
/* End XCConfigurationList section */
	};
	rootObject = 3B775D1B25924FC60058BCBE /* Project object */;
}
