{
  "object": {
    "pins": [
      {
        "package": "CardScan",
        "repositoryURL": "https://github.com/getbouncer/cardscan-ios.git",
        "state": {
          "branch": null,
          "revision": "f6c5fe33f09220d4d7c3882e1c01174384c41722",
          "version": "2.0.2"
        }
      }
    ]
  },
  "version": 1
}
